
Microsoft Visual Studio Solution File, Format Version 12.00
# Visual Studio Version 17
VisualStudioVersion = 17.13.35828.75
MinimumVisualStudioVersion = 10.0.40219.1
Project("{FAE04EC0-301F-11D3-BF4B-00C04F79EFBC}") = "WorkManagement", "API\WorkManagement\WorkManagement.csproj", "{21E84764-817D-D965-4AEF-091A20B1C16B}"
EndProject
Project("{FAE04EC0-301F-11D3-BF4B-00C04F79EFBC}") = "Work.DataContext", "API\Work.DataContext\Work.DataContext.csproj", "{6D62D92B-AD86-6C93-4F90-D406496D3A84}"
EndProject
Global
	GlobalSection(SolutionConfigurationPlatforms) = preSolution
		Debug|Any CPU = Debug|Any CPU
		Release|Any CPU = Release|Any CPU
	EndGlobalSection
	GlobalSection(ProjectConfigurationPlatforms) = postSolution
		{21E84764-817D-D965-4AEF-091A20B1C16B}.Debug|Any CPU.ActiveCfg = Debug|Any CPU
		{21E84764-817D-D965-4AEF-091A20B1C16B}.Debug|Any CPU.Build.0 = Debug|Any CPU
		{21E84764-817D-D965-4AEF-091A20B1C16B}.Release|Any CPU.ActiveCfg = Release|Any CPU
		{21E84764-817D-D965-4AEF-091A20B1C16B}.Release|Any CPU.Build.0 = Release|Any CPU
		{6D62D92B-AD86-6C93-4F90-D406496D3A84}.Debug|Any CPU.ActiveCfg = Debug|Any CPU
		{6D62D92B-AD86-6C93-4F90-D406496D3A84}.Debug|Any CPU.Build.0 = Debug|Any CPU
		{6D62D92B-AD86-6C93-4F90-D406496D3A84}.Release|Any CPU.ActiveCfg = Release|Any CPU
		{6D62D92B-AD86-6C93-4F90-D406496D3A84}.Release|Any CPU.Build.0 = Release|Any CPU
	EndGlobalSection
	GlobalSection(SolutionProperties) = preSolution
		HideSolutionNode = FALSE
	EndGlobalSection
	GlobalSection(ExtensibilityGlobals) = postSolution
		SolutionGuid = {6E6E8D26-48E9-4C50-85E7-942DE21110EA}
	EndGlobalSection
EndGlobal
